// !$*UTF8*$!
{
	archiveVersion = 1;
	classes = {
	};
	objectVersion = 46;
	objects = {

/* Begin PBXBuildFile section */
		91F18FF91B6D86DA000B8E9B /* AppDelegate.swift in Sources */ = {isa = PBXBuildFile; fileRef = 91F18FF81B6D86DA000B8E9B /* AppDelegate.swift */; };
		91F18FFB1B6D86DA000B8E9B /* ViewController.swift in Sources */ = {isa = PBXBuildFile; fileRef = 91F18FFA1B6D86DA000B8E9B /* ViewController.swift */; };
		91F18FFE1B6D86DA000B8E9B /* Main.storyboard in Resources */ = {isa = PBXBuildFile; fileRef = 91F18FFC1B6D86DA000B8E9B /* Main.storyboard */; };
		91F190001B6D86DA000B8E9B /* Images.xcassets in Resources */ = {isa = PBXBuildFile; fileRef = 91F18FFF1B6D86DA000B8E9B /* Images.xcassets */; };
		91F190031B6D86DA000B8E9B /* LaunchScreen.xib in Resources */ = {isa = PBXBuildFile; fileRef = 91F190011B6D86DA000B8E9B /* LaunchScreen.xib */; };
		91F1900F1B6D86DA000B8E9B /* HelloWorldTests.swift in Sources */ = {isa = PBXBuildFile; fileRef = 91F1900E1B6D86DA000B8E9B /* HelloWorldTests.swift */; };
		91F190191B6D9755000B8E9B /* montreal@2x.png in Resources */ = {isa = PBXBuildFile; fileRef = 91F190181B6D9755000B8E9B /* montreal@2x.png */; };
		91F1901B1B6D9762000B8E9B /* world@2x.png in Resources */ = {isa = PBXBuildFile; fileRef = 91F1901A1B6D9762000B8E9B /* world@2x.png */; };
/* End PBXBuildFile section */

/* Begin PBXContainerItemProxy section */
		91F190091B6D86DA000B8E9B /* PBXContainerItemProxy */ = {
			isa = PBXContainerItemProxy;
			containerPortal = 91F18FEB1B6D86DA000B8E9B /* Project object */;
			proxyType = 1;
			remoteGlobalIDString = 91F18FF21B6D86DA000B8E9B;
			remoteInfo = HelloWorld;
		};
/* End PBXContainerItemProxy section */

/* Begin PBXFileReference section */
		91F18FF31B6D86DA000B8E9B /* HelloWorld.app */ = {isa = PBXFileReference; explicitFileType = wrapper.application; includeInIndex = 0; path = HelloWorld.app; sourceTree = BUILT_PRODUCTS_DIR; };
		91F18FF71B6D86DA000B8E9B /* Info.plist */ = {isa = PBXFileReference; lastKnownFileType = text.plist.xml; path = Info.plist; sourceTree = "<group>"; };
		91F18FF81B6D86DA000B8E9B /* AppDelegate.swift */ = {isa = PBXFileReference; lastKnownFileType = sourcecode.swift; path = AppDelegate.swift; sourceTree = "<group>"; };
		91F18FFA1B6D86DA000B8E9B /* ViewController.swift */ = {isa = PBXFileReference; lastKnownFileType = sourcecode.swift; path = ViewController.swift; sourceTree = "<group>"; };
		91F18FFD1B6D86DA000B8E9B /* Base */ = {isa = PBXFileReference; lastKnownFileType = file.storyboard; name = Base; path = Base.lproj/Main.storyboard; sourceTree = "<group>"; };
		91F18FFF1B6D86DA000B8E9B /* Images.xcassets */ = {isa = PBXFileReference; lastKnownFileType = folder.assetcatalog; path = Images.xcassets; sourceTree = "<group>"; };
		91F190021B6D86DA000B8E9B /* Base */ = {isa = PBXFileReference; lastKnownFileType = file.xib; name = Base; path = Base.lproj/LaunchScreen.xib; sourceTree = "<group>"; };
		91F190081B6D86DA000B8E9B /* HelloWorldTests.xctest */ = {isa = PBXFileReference; explicitFileType = wrapper.cfbundle; includeInIndex = 0; path = HelloWorldTests.xctest; sourceTree = BUILT_PRODUCTS_DIR; };
		91F1900D1B6D86DA000B8E9B /* Info.plist */ = {isa = PBXFileReference; lastKnownFileType = text.plist.xml; path = Info.plist; sourceTree = "<group>"; };
		91F1900E1B6D86DA000B8E9B /* HelloWorldTests.swift */ = {isa = PBXFileReference; lastKnownFileType = sourcecode.swift; path = HelloWorldTests.swift; sourceTree = "<group>"; };
		91F190181B6D9755000B8E9B /* montreal@2x.png */ = {isa = PBXFileReference; lastKnownFileType = image.png; path = "montreal@2x.png"; sourceTree = "<group>"; };
		91F1901A1B6D9762000B8E9B /* world@2x.png */ = {isa = PBXFileReference; lastKnownFileType = image.png; path = "world@2x.png"; sourceTree = "<group>"; };
/* End PBXFileReference section */

/* Begin PBXFrameworksBuildPhase section */
		91F18FF01B6D86DA000B8E9B /* Frameworks */ = {
			isa = PBXFrameworksBuildPhase;
			buildActionMask = 2147483647;
			files = (
			);
			runOnlyForDeploymentPostprocessing = 0;
		};
		91F190051B6D86DA000B8E9B /* Frameworks */ = {
			isa = PBXFrameworksBuildPhase;
			buildActionMask = 2147483647;
			files = (
			);
			runOnlyForDeploymentPostprocessing = 0;
		};
/* End PBXFrameworksBuildPhase section */

/* Begin PBXGroup section */
		91F18FEA1B6D86DA000B8E9B = {
			isa = PBXGroup;
			children = (
				91F18FF51B6D86DA000B8E9B /* HelloWorld */,
				91F1900B1B6D86DA000B8E9B /* HelloWorldTests */,
				91F18FF41B6D86DA000B8E9B /* Products */,
			);
			sourceTree = "<group>";
		};
		91F18FF41B6D86DA000B8E9B /* Products */ = {
			isa = PBXGroup;
			children = (
				91F18FF31B6D86DA000B8E9B /* HelloWorld.app */,
				91F190081B6D86DA000B8E9B /* HelloWorldTests.xctest */,
			);
			name = Products;
			sourceTree = "<group>";
		};
		91F18FF51B6D86DA000B8E9B /* HelloWorld */ = {
			isa = PBXGroup;
			children = (
				91F190181B6D9755000B8E9B /* montreal@2x.png */,
				91F1901A1B6D9762000B8E9B /* world@2x.png */,
				91F18FF81B6D86DA000B8E9B /* AppDelegate.swift */,
				91F18FFA1B6D86DA000B8E9B /* ViewController.swift */,
				91F18FFC1B6D86DA000B8E9B /* Main.storyboard */,
				91F18FFF1B6D86DA000B8E9B /* Images.xcassets */,
				91F190011B6D86DA000B8E9B /* LaunchScreen.xib */,
				91F18FF61B6D86DA000B8E9B /* Supporting Files */,
			);
			path = HelloWorld;
			sourceTree = "<group>";
		};
		91F18FF61B6D86DA000B8E9B /* Supporting Files */ = {
			isa = PBXGroup;
			children = (
				91F18FF71B6D86DA000B8E9B /* Info.plist */,
			);
			name = "Supporting Files";
			sourceTree = "<group>";
		};
		91F1900B1B6D86DA000B8E9B /* HelloWorldTests */ = {
			isa = PBXGroup;
			children = (
				91F1900E1B6D86DA000B8E9B /* HelloWorldTests.swift */,
				91F1900C1B6D86DA000B8E9B /* Supporting Files */,
			);
			path = HelloWorldTests;
			sourceTree = "<group>";
		};
		91F1900C1B6D86DA000B8E9B /* Supporting Files */ = {
			isa = PBXGroup;
			children = (
				91F1900D1B6D86DA000B8E9B /* Info.plist */,
			);
			name = "Supporting Files";
			sourceTree = "<group>";
		};
/* End PBXGroup section */

/* Begin PBXNativeTarget section */
		91F18FF21B6D86DA000B8E9B /* HelloWorld */ = {
			isa = PBXNativeTarget;
			buildConfigurationList = 91F190121B6D86DA000B8E9B /* Build configuration list for PBXNativeTarget "HelloWorld" */;
			buildPhases = (
				91F18FEF1B6D86DA000B8E9B /* Sources */,
				91F18FF01B6D86DA000B8E9B /* Frameworks */,
				91F18FF11B6D86DA000B8E9B /* Resources */,
			);
			buildRules = (
			);
			dependencies = (
			);
			name = HelloWorld;
			productName = HelloWorld;
			productReference = 91F18FF31B6D86DA000B8E9B /* HelloWorld.app */;
			productType = "com.apple.product-type.application";
		};
		91F190071B6D86DA000B8E9B /* HelloWorldTests */ = {
			isa = PBXNativeTarget;
			buildConfigurationList = 91F190151B6D86DA000B8E9B /* Build configuration list for PBXNativeTarget "HelloWorldTests" */;
			buildPhases = (
				91F190041B6D86DA000B8E9B /* Sources */,
				91F190051B6D86DA000B8E9B /* Frameworks */,
				91F190061B6D86DA000B8E9B /* Resources */,
			);
			buildRules = (
			);
			dependencies = (
				91F1900A1B6D86DA000B8E9B /* PBXTargetDependency */,
			);
			name = HelloWorldTests;
			productName = HelloWorldTests;
			productReference = 91F190081B6D86DA000B8E9B /* HelloWorldTests.xctest */;
			productType = "com.apple.product-type.bundle.unit-test";
		};
/* End PBXNativeTarget section */

/* Begin PBXProject section */
		91F18FEB1B6D86DA000B8E9B /* Project object */ = {
			isa = PBXProject;
			attributes = {
				LastUpgradeCheck = 0630;
				ORGANIZATIONNAME = Relevant;
				TargetAttributes = {
					91F18FF21B6D86DA000B8E9B = {
						CreatedOnToolsVersion = 6.3.1;
					};
					91F190071B6D86DA000B8E9B = {
						CreatedOnToolsVersion = 6.3.1;
						TestTargetID = 91F18FF21B6D86DA000B8E9B;
					};
				};
			};
			buildConfigurationList = 91F18FEE1B6D86DA000B8E9B /* Build configuration list for PBXProject "HelloWorld" */;
			compatibilityVersion = "Xcode 3.2";
			developmentRegion = English;
			hasScannedForEncodings = 0;
			knownRegions = (
				en,
				Base,
			);
			mainGroup = 91F18FEA1B6D86DA000B8E9B;
			productRefGroup = 91F18FF41B6D86DA000B8E9B /* Products */;
			projectDirPath = "";
			projectRoot = "";
			targets = (
				91F18FF21B6D86DA000B8E9B /* HelloWorld */,
				91F190071B6D86DA000B8E9B /* HelloWorldTests */,
			);
		};
/* End PBXProject section */

/* Begin PBXResourcesBuildPhase section */
		91F18FF11B6D86DA000B8E9B /* Resources */ = {
			isa = PBXResourcesBuildPhase;
			buildActionMask = 2147483647;
			files = (
				91F18FFE1B6D86DA000B8E9B /* Main.storyboard in Resources */,
				91F1901B1B6D9762000B8E9B /* world@2x.png in Resources */,
				91F190191B6D9755000B8E9B /* montreal@2x.png in Resources */,
				91F190031B6D86DA000B8E9B /* LaunchScreen.xib in Resources */,
				91F190001B6D86DA000B8E9B /* Images.xcassets in Resources */,
			);
			runOnlyForDeploymentPostprocessing = 0;
		};
		91F190061B6D86DA000B8E9B /* Resources */ = {
			isa = PBXResourcesBuildPhase;
			buildActionMask = 2147483647;
			files = (
			);
			runOnlyForDeploymentPostprocessing = 0;
		};
/* End PBXResourcesBuildPhase section */

/* Begin PBXSourcesBuildPhase section */
		91F18FEF1B6D86DA000B8E9B /* Sources */ = {
			isa = PBXSourcesBuildPhase;
			buildActionMask = 2147483647;
			files = (
				91F18FFB1B6D86DA000B8E9B /* ViewController.swift in Sources */,
				91F18FF91B6D86DA000B8E9B /* AppDelegate.swift in Sources */,
			);
			runOnlyForDeploymentPostprocessing = 0;
		};
		91F190041B6D86DA000B8E9B /* Sources */ = {
			isa = PBXSourcesBuildPhase;
			buildActionMask = 2147483647;
			files = (
				91F1900F1B6D86DA000B8E9B /* HelloWorldTests.swift in Sources */,
			);
			runOnlyForDeploymentPostprocessing = 0;
		};
/* End PBXSourcesBuildPhase section */

/* Begin PBXTargetDependency section */
		91F1900A1B6D86DA000B8E9B /* PBXTargetDependency */ = {
			isa = PBXTargetDependency;
			target = 91F18FF21B6D86DA000B8E9B /* HelloWorld */;
			targetProxy = 91F190091B6D86DA000B8E9B /* PBXContainerItemProxy */;
		};
/* End PBXTargetDependency section */

/* Begin PBXVariantGroup section */
		91F18FFC1B6D86DA000B8E9B /* Main.storyboard */ = {
			isa = PBXVariantGroup;
			children = (
				91F18FFD1B6D86DA000B8E9B /* Base */,
			);
			name = Main.storyboard;
			sourceTree = "<group>";
		};
		91F190011B6D86DA000B8E9B /* LaunchScreen.xib */ = {
			isa = PBXVariantGroup;
			children = (
				91F190021B6D86DA000B8E9B /* Base */,
			);
			name = LaunchScreen.xib;
			sourceTree = "<group>";
		};
/* End PBXVariantGroup section */

/* Begin XCBuildConfiguration section */
		91F190101B6D86DA000B8E9B /* Debug */ = {
			isa = XCBuildConfiguration;
			buildSettings = {
				ALWAYS_SEARCH_USER_PATHS = NO;
				CLANG_CXX_LANGUAGE_STANDARD = "gnu++0x";
				CLANG_CXX_LIBRARY = "libc++";
				CLANG_ENABLE_MODULES = YES;
				CLANG_ENABLE_OBJC_ARC = YES;
				CLANG_WARN_BOOL_CONVERSION = YES;
				CLANG_WARN_CONSTANT_CONVERSION = YES;
				CLANG_WARN_DIRECT_OBJC_ISA_USAGE = YES_ERROR;
				CLANG_WARN_EMPTY_BODY = YES;
				CLANG_WARN_ENUM_CONVERSION = YES;
				CLANG_WARN_INT_CONVERSION = YES;
				CLANG_WARN_OBJC_ROOT_CLASS = YES_ERROR;
				CLANG_WARN_UNREACHABLE_CODE = YES;
				CLANG_WARN__DUPLICATE_METHOD_MATCH = YES;
				"CODE_SIGN_IDENTITY[sdk=iphoneos*]" = "iPhone Developer";
				COPY_PHASE_STRIP = NO;
				DEBUG_INFORMATION_FORMAT = "dwarf-with-dsym";
				ENABLE_STRICT_OBJC_MSGSEND = YES;
				GCC_C_LANGUAGE_STANDARD = gnu99;
				GCC_DYNAMIC_NO_PIC = NO;
				GCC_NO_COMMON_BLOCKS = YES;
				GCC_OPTIMIZATION_LEVEL = 0;
				GCC_PREPROCESSOR_DEFINITIONS = (
					"DEBUG=1",
					"$(inherited)",
				);
				GCC_SYMBOLS_PRIVATE_EXTERN = NO;
				GCC_WARN_64_TO_32_BIT_CONVERSION = YES;
				GCC_WARN_ABOUT_RETURN_TYPE = YES_ERROR;
				GCC_WARN_UNDECLARED_SELECTOR = YES;
				GCC_WARN_UNINITIALIZED_AUTOS = YES_AGGRESSIVE;
				GCC_WARN_UNUSED_FUNCTION = YES;
				GCC_WARN_UNUSED_VARIABLE = YES;
				IPHONEOS_DEPLOYMENT_TARGET = 8.3;
				MTL_ENABLE_DEBUG_INFO = YES;
				ONLY_ACTIVE_ARCH = YES;
				SDKROOT = iphoneos;
				SWIFT_OPTIMIZATION_LEVEL = "-Onone";
				TARGETED_DEVICE_FAMILY = "1,2";
			};
			name = Debug;
		};
		91F190111B6D86DA000B8E9B /* Release */ = {
			isa = XCBuildConfiguration;
			buildSettings = {
				ALWAYS_SEARCH_USER_PATHS = NO;
				CLANG_CXX_LANGUAGE_STANDARD = "gnu++0x";
				CLANG_CXX_LIBRARY = "libc++";
				CLANG_ENABLE_MODULES = YES;
				CLANG_ENABLE_OBJC_ARC = YES;
				CLANG_WARN_BOOL_CONVERSION = YES;
				CLANG_WARN_CONSTANT_CONVERSION = YES;
				CLANG_WARN_DIRECT_OBJC_ISA_USAGE = YES_ERROR;
				CLANG_WARN_EMPTY_BODY = YES;
				CLANG_WARN_ENUM_CONVERSION = YES;
				CLANG_WARN_INT_CONVERSION = YES;
				CLANG_WARN_OBJC_ROOT_CLASS = YES_ERROR;
				CLANG_WARN_UNREACHABLE_CODE = YES;
				CLANG_WARN__DUPLICATE_METHOD_MATCH = YES;
				"CODE_SIGN_IDENTITY[sdk=iphoneos*]" = "iPhone Developer";
				COPY_PHASE_STRIP = NO;
				DEBUG_INFORMATION_FORMAT = "dwarf-with-dsym";
				ENABLE_NS_ASSERTIONS = NO;
				ENABLE_STRICT_OBJC_MSGSEND = YES;
				GCC_C_LANGUAGE_STANDARD = gnu99;
				GCC_NO_COMMON_BLOCKS = YES;
				GCC_WARN_64_TO_32_BIT_CONVERSION = YES;
				GCC_WARN_ABOUT_RETURN_TYPE = YES_ERROR;
				GCC_WARN_UNDECLARED_SELECTOR = YES;
				GCC_WARN_UNINITIALIZED_AUTOS = YES_AGGRESSIVE;
				GCC_WARN_UNUSED_FUNCTION = YES;
				GCC_WARN_UNUSED_VARIABLE = YES;
				IPHONEOS_DEPLOYMENT_TARGET = 8.3;
				MTL_ENABLE_DEBUG_INFO = NO;
				SDKROOT = iphoneos;
				TARGETED_DEVICE_FAMILY = "1,2";
				VALIDATE_PRODUCT = YES;
			};
			name = Release;
		};
		91F190131B6D86DA000B8E9B /* Debug */ = {
			isa = XCBuildConfiguration;
			buildSettings = {
				ASSETCATALOG_COMPILER_APPICON_NAME = AppIcon;
				INFOPLIST_FILE = HelloWorld/Info.plist;
				LD_RUNPATH_SEARCH_PATHS = "$(inherited) @executable_path/Frameworks";
				PRODUCT_NAME = "$(TARGET_NAME)";
			};
			name = Debug;
		};
		91F190141B6D86DA000B8E9B /* Release */ = {
			isa = XCBuildConfiguration;
			buildSettings = {
				ASSETCATALOG_COMPILER_APPICON_NAME = AppIcon;
				INFOPLIST_FILE = HelloWorld/Info.plist;
				LD_RUNPATH_SEARCH_PATHS = "$(inherited) @executable_path/Frameworks";
				PRODUCT_NAME = "$(TARGET_NAME)";
			};
			name = Release;
		};
		91F190161B6D86DA000B8E9B /* Debug */ = {
			isa = XCBuildConfiguration;
			buildSettings = {
				BUNDLE_LOADER = "$(TEST_HOST)";
				FRAMEWORK_SEARCH_PATHS = (
					"$(SDKROOT)/Developer/Library/Frameworks",
					"$(inherited)",
				);
				GCC_PREPROCESSOR_DEFINITIONS = (
					"DEBUG=1",
					"$(inherited)",
				);
				INFOPLIST_FILE = HelloWorldTests/Info.plist;
				LD_RUNPATH_SEARCH_PATHS = "$(inherited) @executable_path/Frameworks @loader_path/Frameworks";
				PRODUCT_NAME = "$(TARGET_NAME)";
				TEST_HOST = "$(BUILT_PRODUCTS_DIR)/HelloWorld.app/HelloWorld";
			};
			name = Debug;
		};
		91F190171B6D86DA000B8E9B /* Release */ = {
			isa = XCBuildConfiguration;
			buildSettings = {
				BUNDLE_LOADER = "$(TEST_HOST)";
				FRAMEWORK_SEARCH_PATHS = (
					"$(SDKROOT)/Developer/Library/Frameworks",
					"$(inherited)",
				);
				INFOPLIST_FILE = HelloWorldTests/Info.plist;
				LD_RUNPATH_SEARCH_PATHS = "$(inherited) @executable_path/Frameworks @loader_path/Frameworks";
				PRODUCT_NAME = "$(TARGET_NAME)";
				TEST_HOST = "$(BUILT_PRODUCTS_DIR)/HelloWorld.app/HelloWorld";
			};
			name = Release;
		};
/* End XCBuildConfiguration section */

/* Begin XCConfigurationList section */
		91F18FEE1B6D86DA000B8E9B /* Build configuration list for PBXProject "HelloWorld" */ = {
			isa = XCConfigurationList;
			buildConfigurations = (
				91F190101B6D86DA000B8E9B /* Debug */,
				91F190111B6D86DA000B8E9B /* Release */,
			);
			defaultConfigurationIsVisible = 0;
			defaultConfigurationName = Release;
		};
		91F190121B6D86DA000B8E9B /* Build configuration list for PBXNativeTarget "HelloWorld" */ = {
			isa = XCConfigurationList;
			buildConfigurations = (
				91F190131B6D86DA000B8E9B /* Debug */,
				91F190141B6D86DA000B8E9B /* Release */,
			);
			defaultConfigurationIsVisible = 0;
		};
		91F190151B6D86DA000B8E9B /* Build configuration list for PBXNativeTarget "HelloWorldTests" */ = {
			isa = XCConfigurationList;
			buildConfigurations = (
				91F190161B6D86DA000B8E9B /* Debug */,
				91F190171B6D86DA000B8E9B /* Release */,
			);
			defaultConfigurationIsVisible = 0;
		};
/* End XCConfigurationList section */
	};
	rootObject = 91F18FEB1B6D86DA000B8E9B /* Project object */;
}
